
Microsoft Visual Studio Solution File, Format Version 12.00
# Visual Studio 2013
VisualStudioVersion = 12.0.21005.1
MinimumVisualStudioVersion = 10.0.40219.1
Project("{FAE04EC0-301F-11D3-BF4B-00C04F79EFBC}") = "Data", "Data\Data.csproj", "{AD771026-58A8-4013-951C-8AAAA18DC411}"
EndProject
Project("{FAE04EC0-301F-11D3-BF4B-00C04F79EFBC}") = "Test", "Test\Test.csproj", "{662089F2-E495-493A-8439-D1DFEA6CF552}"
EndProject
Project("{FAE04EC0-301F-11D3-BF4B-00C04F79EFBC}") = "Business", "Business\Business.csproj", "{4C99315E-2F4D-49AB-846B-5AD310A6DF41}"
EndProject
Project("{FAE04EC0-301F-11D3-BF4B-00C04F79EFBC}") = "PresentationWPF", "PresentationWPF\PresentationWPF.csproj", "{176289EF-54C7-42AD-B732-E30E99B270D4}"
EndProject
Global
	GlobalSection(SolutionConfigurationPlatforms) = preSolution
		Debug|Any CPU = Debug|Any CPU
		Release|Any CPU = Release|Any CPU
	EndGlobalSection
	GlobalSection(ProjectConfigurationPlatforms) = postSolution
		{AD771026-58A8-4013-951C-8AAAA18DC411}.Debug|Any CPU.ActiveCfg = Debug|Any CPU
		{AD771026-58A8-4013-951C-8AAAA18DC411}.Debug|Any CPU.Build.0 = Debug|Any CPU
		{AD771026-58A8-4013-951C-8AAAA18DC411}.Release|Any CPU.ActiveCfg = Release|Any CPU
		{AD771026-58A8-4013-951C-8AAAA18DC411}.Release|Any CPU.Build.0 = Release|Any CPU
		{662089F2-E495-493A-8439-D1DFEA6CF552}.Debug|Any CPU.ActiveCfg = Debug|Any CPU
		{662089F2-E495-493A-8439-D1DFEA6CF552}.Debug|Any CPU.Build.0 = Debug|Any CPU
		{662089F2-E495-493A-8439-D1DFEA6CF552}.Release|Any CPU.ActiveCfg = Release|Any CPU
		{662089F2-E495-493A-8439-D1DFEA6CF552}.Release|Any CPU.Build.0 = Release|Any CPU
		{4C99315E-2F4D-49AB-846B-5AD310A6DF41}.Debug|Any CPU.ActiveCfg = Debug|Any CPU
		{4C99315E-2F4D-49AB-846B-5AD310A6DF41}.Debug|Any CPU.Build.0 = Debug|Any CPU
		{4C99315E-2F4D-49AB-846B-5AD310A6DF41}.Release|Any CPU.ActiveCfg = Release|Any CPU
		{4C99315E-2F4D-49AB-846B-5AD310A6DF41}.Release|Any CPU.Build.0 = Release|Any CPU
		{176289EF-54C7-42AD-B732-E30E99B270D4}.Debug|Any CPU.ActiveCfg = Debug|Any CPU
		{176289EF-54C7-42AD-B732-E30E99B270D4}.Debug|Any CPU.Build.0 = Debug|Any CPU
		{176289EF-54C7-42AD-B732-E30E99B270D4}.Release|Any CPU.ActiveCfg = Release|Any CPU
		{176289EF-54C7-42AD-B732-E30E99B270D4}.Release|Any CPU.Build.0 = Release|Any CPU
	EndGlobalSection
	GlobalSection(SolutionProperties) = preSolution
		HideSolutionNode = FALSE
	EndGlobalSection
EndGlobal
